// !$*UTF8*$!
{
	archiveVersion = 1;
	classes = {
	};
	objectVersion = 46;
	objects = {

/* Begin PBXBuildFile section */
		770850A01CE64F7500861BA1 /* SendGrid.h in Headers */ = {isa = PBXBuildFile; fileRef = 7708509F1CE64F7500861BA1 /* SendGrid.h */; settings = {ATTRIBUTES = (Public, ); }; };
		770850A71CE64F7500861BA1 /* SendGrid.framework in Frameworks */ = {isa = PBXBuildFile; fileRef = 7708509C1CE64F7500861BA1 /* SendGrid.framework */; };
		770850C81CE6536F00861BA1 /* AddressTests.swift in Sources */ = {isa = PBXBuildFile; fileRef = 770850C71CE6536F00861BA1 /* AddressTests.swift */; };
		770D1AC81D8CB71D0084A3B2 /* Address.swift in Sources */ = {isa = PBXBuildFile; fileRef = 770D1AA01D8CB71D0084A3B2 /* Address.swift */; };
		770D1AC91D8CB71D0084A3B2 /* APIBlueprint.swift in Sources */ = {isa = PBXBuildFile; fileRef = 770D1AA11D8CB71D0084A3B2 /* APIBlueprint.swift */; };
		770D1ACA1D8CB71D0084A3B2 /* APIV3.swift in Sources */ = {isa = PBXBuildFile; fileRef = 770D1AA21D8CB71D0084A3B2 /* APIV3.swift */; };
		770D1ACB1D8CB71D0084A3B2 /* ASM.swift in Sources */ = {isa = PBXBuildFile; fileRef = 770D1AA31D8CB71D0084A3B2 /* ASM.swift */; };
		770D1ACC1D8CB71D0084A3B2 /* Attachment.swift in Sources */ = {isa = PBXBuildFile; fileRef = 770D1AA41D8CB71D0084A3B2 /* Attachment.swift */; };
		770D1ACD1D8CB71D0084A3B2 /* Authentication.swift in Sources */ = {isa = PBXBuildFile; fileRef = 770D1AA51D8CB71D0084A3B2 /* Authentication.swift */; };
		770D1ACE1D8CB71D0084A3B2 /* BCCSetting.swift in Sources */ = {isa = PBXBuildFile; fileRef = 770D1AA61D8CB71D0084A3B2 /* BCCSetting.swift */; };
		770D1ACF1D8CB71D0084A3B2 /* BypassListManagement.swift in Sources */ = {isa = PBXBuildFile; fileRef = 770D1AA71D8CB71D0084A3B2 /* BypassListManagement.swift */; };
		770D1AD01D8CB71D0084A3B2 /* ClickTracking.swift in Sources */ = {isa = PBXBuildFile; fileRef = 770D1AA81D8CB71D0084A3B2 /* ClickTracking.swift */; };
		770D1AD11D8CB71D0084A3B2 /* Content.swift in Sources */ = {isa = PBXBuildFile; fileRef = 770D1AA91D8CB71D0084A3B2 /* Content.swift */; };
		770D1AD21D8CB71D0084A3B2 /* ContentDisposition.swift in Sources */ = {isa = PBXBuildFile; fileRef = 770D1AAA1D8CB71D0084A3B2 /* ContentDisposition.swift */; };
		770D1AD31D8CB71D0084A3B2 /* ContentType.swift in Sources */ = {isa = PBXBuildFile; fileRef = 770D1AAB1D8CB71D0084A3B2 /* ContentType.swift */; };
		770D1AD41D8CB71D0084A3B2 /* DictionaryConvertible.swift in Sources */ = {isa = PBXBuildFile; fileRef = 770D1AAC1D8CB71D0084A3B2 /* DictionaryConvertible.swift */; };
		770D1AD51D8CB71D0084A3B2 /* Email.swift in Sources */ = {isa = PBXBuildFile; fileRef = 770D1AAD1D8CB71D0084A3B2 /* Email.swift */; };
		770D1AD61D8CB71D0084A3B2 /* Footer.swift in Sources */ = {isa = PBXBuildFile; fileRef = 770D1AAE1D8CB71D0084A3B2 /* Footer.swift */; };
		770D1AD71D8CB71D0084A3B2 /* GoogleAnalytics.swift in Sources */ = {isa = PBXBuildFile; fileRef = 770D1AAF1D8CB71D0084A3B2 /* GoogleAnalytics.swift */; };
		770D1AD81D8CB71D0084A3B2 /* HeaderValidator.swift in Sources */ = {isa = PBXBuildFile; fileRef = 770D1AB01D8CB71D0084A3B2 /* HeaderValidator.swift */; };
		770D1AD91D8CB71D0084A3B2 /* HTTPMessage.swift in Sources */ = {isa = PBXBuildFile; fileRef = 770D1AB11D8CB71D0084A3B2 /* HTTPMessage.swift */; };
		770D1ADA1D8CB71D0084A3B2 /* HTTPMethod.swift in Sources */ = {isa = PBXBuildFile; fileRef = 770D1AB21D8CB71D0084A3B2 /* HTTPMethod.swift */; };
		770D1ADB1D8CB71D0084A3B2 /* JSONConvertible.swift in Sources */ = {isa = PBXBuildFile; fileRef = 770D1AB31D8CB71D0084A3B2 /* JSONConvertible.swift */; };
		770D1ADC1D8CB71D0084A3B2 /* MailSetting.swift in Sources */ = {isa = PBXBuildFile; fileRef = 770D1AB41D8CB71D0084A3B2 /* MailSetting.swift */; };
		770D1ADD1D8CB71D0084A3B2 /* OpenTracking.swift in Sources */ = {isa = PBXBuildFile; fileRef = 770D1AB51D8CB71D0084A3B2 /* OpenTracking.swift */; };
		770D1ADE1D8CB71D0084A3B2 /* ParameterEncoding.swift in Sources */ = {isa = PBXBuildFile; fileRef = 770D1AB61D8CB71D0084A3B2 /* ParameterEncoding.swift */; };
		770D1ADF1D8CB71D0084A3B2 /* Personalization.swift in Sources */ = {isa = PBXBuildFile; fileRef = 770D1AB71D8CB71D0084A3B2 /* Personalization.swift */; };
		770D1AE01D8CB71D0084A3B2 /* RateLimit.swift in Sources */ = {isa = PBXBuildFile; fileRef = 770D1AB81D8CB71D0084A3B2 /* RateLimit.swift */; };
		770D1AE11D8CB71D0084A3B2 /* Request.swift in Sources */ = {isa = PBXBuildFile; fileRef = 770D1AB91D8CB71D0084A3B2 /* Request.swift */; };
		770D1AE21D8CB71D0084A3B2 /* Response.swift in Sources */ = {isa = PBXBuildFile; fileRef = 770D1ABA1D8CB71D0084A3B2 /* Response.swift */; };
		770D1AE31D8CB71D0084A3B2 /* SandboxMode.swift in Sources */ = {isa = PBXBuildFile; fileRef = 770D1ABB1D8CB71D0084A3B2 /* SandboxMode.swift */; };
		770D1AE41D8CB71D0084A3B2 /* Scheduling.swift in Sources */ = {isa = PBXBuildFile; fileRef = 770D1ABC1D8CB71D0084A3B2 /* Scheduling.swift */; };
		770D1AE51D8CB71D0084A3B2 /* Session.swift in Sources */ = {isa = PBXBuildFile; fileRef = 770D1ABD1D8CB71D0084A3B2 /* Session.swift */; };
		770D1AE61D8CB71D0084A3B2 /* Setting.swift in Sources */ = {isa = PBXBuildFile; fileRef = 770D1ABE1D8CB71D0084A3B2 /* Setting.swift */; };
		770D1AE71D8CB71D0084A3B2 /* SGError.swift in Sources */ = {isa = PBXBuildFile; fileRef = 770D1ABF1D8CB71D0084A3B2 /* SGError.swift */; };
		770D1AE81D8CB71D0084A3B2 /* SGError+Mail.swift in Sources */ = {isa = PBXBuildFile; fileRef = 770D1AC01D8CB71D0084A3B2 /* SGError+Mail.swift */; };
		770D1AE91D8CB71D0084A3B2 /* SGError+Request.swift in Sources */ = {isa = PBXBuildFile; fileRef = 770D1AC11D8CB71D0084A3B2 /* SGError+Request.swift */; };
		770D1AEA1D8CB71E0084A3B2 /* SGError+Session.swift in Sources */ = {isa = PBXBuildFile; fileRef = 770D1AC21D8CB71D0084A3B2 /* SGError+Session.swift */; };
		770D1AEB1D8CB71E0084A3B2 /* SpamChecker.swift in Sources */ = {isa = PBXBuildFile; fileRef = 770D1AC31D8CB71D0084A3B2 /* SpamChecker.swift */; };
		770D1AEC1D8CB71E0084A3B2 /* SubscriptionTracking.swift in Sources */ = {isa = PBXBuildFile; fileRef = 770D1AC41D8CB71D0084A3B2 /* SubscriptionTracking.swift */; };
		770D1AED1D8CB71E0084A3B2 /* TrackingSetting.swift in Sources */ = {isa = PBXBuildFile; fileRef = 770D1AC51D8CB71D0084A3B2 /* TrackingSetting.swift */; };
		770D1AEE1D8CB71E0084A3B2 /* Validatable.swift in Sources */ = {isa = PBXBuildFile; fileRef = 770D1AC61D8CB71D0084A3B2 /* Validatable.swift */; };
		770D1AEF1D8CB71E0084A3B2 /* Validator.swift in Sources */ = {isa = PBXBuildFile; fileRef = 770D1AC71D8CB71D0084A3B2 /* Validator.swift */; };
		770D1AFA1D8CB8CE0084A3B2 /* Constants.swift in Sources */ = {isa = PBXBuildFile; fileRef = 770D1AF91D8CB8CE0084A3B2 /* Constants.swift */; };
		77474FFC1CE8FE1E00E5170E /* ContentTests.swift in Sources */ = {isa = PBXBuildFile; fileRef = 77474FFB1CE8FE1E00E5170E /* ContentTests.swift */; };
		774750011CE918B400E5170E /* PersonalizationTests.swift in Sources */ = {isa = PBXBuildFile; fileRef = 774750001CE918B400E5170E /* PersonalizationTests.swift */; };
		775B4D3F1D183D9F004BB1DD /* RateLimitTests.swift in Sources */ = {isa = PBXBuildFile; fileRef = 775B4D3E1D183D9F004BB1DD /* RateLimitTests.swift */; };
		775B4D411D183FD1004BB1DD /* RequestTests.swift in Sources */ = {isa = PBXBuildFile; fileRef = 775B4D401D183FD1004BB1DD /* RequestTests.swift */; };
		775B4D431D184611004BB1DD /* ParameterEncodingTests.swift in Sources */ = {isa = PBXBuildFile; fileRef = 775B4D421D184611004BB1DD /* ParameterEncodingTests.swift */; };
		776B04221D0B546100C21994 /* APIBlueprintTests.swift in Sources */ = {isa = PBXBuildFile; fileRef = 776B04211D0B546100C21994 /* APIBlueprintTests.swift */; };
		776B04271D0B64EA00C21994 /* SessionTests.swift in Sources */ = {isa = PBXBuildFile; fileRef = 776B04261D0B64EA00C21994 /* SessionTests.swift */; };
		778593F11D0A3DC1009A3026 /* AuthenticationTests.swift in Sources */ = {isa = PBXBuildFile; fileRef = 778593F01D0A3DC1009A3026 /* AuthenticationTests.swift */; };
		779AD12A1CEAB07A00F5BC4F /* ASMTests.swift in Sources */ = {isa = PBXBuildFile; fileRef = 779AD1291CEAB07A00F5BC4F /* ASMTests.swift */; };
		779AD1331CEAB7E200F5BC4F /* AttachmentTests.swift in Sources */ = {isa = PBXBuildFile; fileRef = 779AD1321CEAB7E200F5BC4F /* AttachmentTests.swift */; };
		779AD1351CEAB88B00F5BC4F /* dot.png in Resources */ = {isa = PBXBuildFile; fileRef = 779AD1341CEAB88B00F5BC4F /* dot.png */; };
		77AE1DCE1CEA504700136CF1 /* SpamCheckerTests.swift in Sources */ = {isa = PBXBuildFile; fileRef = 77AE1DCD1CEA504700136CF1 /* SpamCheckerTests.swift */; };
		77AE1DD01CEA536900136CF1 /* JSONConvertibleTests.swift in Sources */ = {isa = PBXBuildFile; fileRef = 77AE1DCF1CEA536900136CF1 /* JSONConvertibleTests.swift */; };
		77AE1DD61CEA56DB00136CF1 /* ValidatorTests.swift in Sources */ = {isa = PBXBuildFile; fileRef = 77AE1DD51CEA56DB00136CF1 /* ValidatorTests.swift */; };
		77F5E45F1CE9492E0074E7BA /* SettingTest.swift in Sources */ = {isa = PBXBuildFile; fileRef = 77F5E45E1CE9492E0074E7BA /* SettingTest.swift */; };
		77F5E46C1CE950770074E7BA /* ClickTrackingTests.swift in Sources */ = {isa = PBXBuildFile; fileRef = 77F5E46B1CE950770074E7BA /* ClickTrackingTests.swift */; };
		77F5E4711CE955920074E7BA /* OpenTrackingTests.swift in Sources */ = {isa = PBXBuildFile; fileRef = 77F5E4701CE955920074E7BA /* OpenTrackingTests.swift */; };
		77F5E4761CE95C830074E7BA /* SubscriptionTrackingTests.swift in Sources */ = {isa = PBXBuildFile; fileRef = 77F5E4751CE95C830074E7BA /* SubscriptionTrackingTests.swift */; };
		77F5E47B1CE962900074E7BA /* GoogleAnalyticsTests.swift in Sources */ = {isa = PBXBuildFile; fileRef = 77F5E47A1CE962900074E7BA /* GoogleAnalyticsTests.swift */; };
		77F5E4821CE964940074E7BA /* BypassListManagementTests.swift in Sources */ = {isa = PBXBuildFile; fileRef = 77F5E4811CE964940074E7BA /* BypassListManagementTests.swift */; };
		77F5E4871CE965E70074E7BA /* SandboxModeTests.swift in Sources */ = {isa = PBXBuildFile; fileRef = 77F5E4861CE965E70074E7BA /* SandboxModeTests.swift */; };
		77F5E48F1CE969BB0074E7BA /* BCCSettingTests.swift in Sources */ = {isa = PBXBuildFile; fileRef = 77F5E48E1CE969BB0074E7BA /* BCCSettingTests.swift */; };
		77F5E4941CE96D3C0074E7BA /* FooterTests.swift in Sources */ = {isa = PBXBuildFile; fileRef = 77F5E4931CE96D3C0074E7BA /* FooterTests.swift */; };
		77F7B32F1CEAF09C00217D59 /* EmailTests.swift in Sources */ = {isa = PBXBuildFile; fileRef = 77F7B32E1CEAF09C00217D59 /* EmailTests.swift */; };
/* End PBXBuildFile section */

/* Begin PBXContainerItemProxy section */
		770850A81CE64F7500861BA1 /* PBXContainerItemProxy */ = {
			isa = PBXContainerItemProxy;
			containerPortal = 770850931CE64F7500861BA1 /* Project object */;
			proxyType = 1;
			remoteGlobalIDString = 7708509B1CE64F7500861BA1;
			remoteInfo = SendGrid;
		};
/* End PBXContainerItemProxy section */

/* Begin PBXFileReference section */
		7708509C1CE64F7500861BA1 /* SendGrid.framework */ = {isa = PBXFileReference; explicitFileType = wrapper.framework; includeInIndex = 0; path = SendGrid.framework; sourceTree = BUILT_PRODUCTS_DIR; };
		7708509F1CE64F7500861BA1 /* SendGrid.h */ = {isa = PBXFileReference; lastKnownFileType = sourcecode.c.h; path = SendGrid.h; sourceTree = "<group>"; };
		770850A11CE64F7500861BA1 /* Info.plist */ = {isa = PBXFileReference; lastKnownFileType = text.plist.xml; path = Info.plist; sourceTree = "<group>"; };
		770850A61CE64F7500861BA1 /* SendGridTests.xctest */ = {isa = PBXFileReference; explicitFileType = wrapper.cfbundle; includeInIndex = 0; path = SendGridTests.xctest; sourceTree = BUILT_PRODUCTS_DIR; };
		770850AD1CE64F7500861BA1 /* Info.plist */ = {isa = PBXFileReference; lastKnownFileType = text.plist.xml; path = Info.plist; sourceTree = "<group>"; };
		770850C71CE6536F00861BA1 /* AddressTests.swift */ = {isa = PBXFileReference; fileEncoding = 4; lastKnownFileType = sourcecode.swift; path = AddressTests.swift; sourceTree = "<group>"; };
		770D1AA01D8CB71D0084A3B2 /* Address.swift */ = {isa = PBXFileReference; fileEncoding = 4; lastKnownFileType = sourcecode.swift; name = Address.swift; path = Sources/Address.swift; sourceTree = SOURCE_ROOT; };
		770D1AA11D8CB71D0084A3B2 /* APIBlueprint.swift */ = {isa = PBXFileReference; fileEncoding = 4; lastKnownFileType = sourcecode.swift; name = APIBlueprint.swift; path = Sources/APIBlueprint.swift; sourceTree = SOURCE_ROOT; };
		770D1AA21D8CB71D0084A3B2 /* APIV3.swift */ = {isa = PBXFileReference; fileEncoding = 4; lastKnownFileType = sourcecode.swift; name = APIV3.swift; path = Sources/APIV3.swift; sourceTree = SOURCE_ROOT; };
		770D1AA31D8CB71D0084A3B2 /* ASM.swift */ = {isa = PBXFileReference; fileEncoding = 4; lastKnownFileType = sourcecode.swift; name = ASM.swift; path = Sources/ASM.swift; sourceTree = SOURCE_ROOT; };
		770D1AA41D8CB71D0084A3B2 /* Attachment.swift */ = {isa = PBXFileReference; fileEncoding = 4; lastKnownFileType = sourcecode.swift; name = Attachment.swift; path = Sources/Attachment.swift; sourceTree = SOURCE_ROOT; };
		770D1AA51D8CB71D0084A3B2 /* Authentication.swift */ = {isa = PBXFileReference; fileEncoding = 4; lastKnownFileType = sourcecode.swift; name = Authentication.swift; path = Sources/Authentication.swift; sourceTree = SOURCE_ROOT; };
		770D1AA61D8CB71D0084A3B2 /* BCCSetting.swift */ = {isa = PBXFileReference; fileEncoding = 4; lastKnownFileType = sourcecode.swift; name = BCCSetting.swift; path = Sources/BCCSetting.swift; sourceTree = SOURCE_ROOT; };
		770D1AA71D8CB71D0084A3B2 /* BypassListManagement.swift */ = {isa = PBXFileReference; fileEncoding = 4; lastKnownFileType = sourcecode.swift; name = BypassListManagement.swift; path = Sources/BypassListManagement.swift; sourceTree = SOURCE_ROOT; };
		770D1AA81D8CB71D0084A3B2 /* ClickTracking.swift */ = {isa = PBXFileReference; fileEncoding = 4; lastKnownFileType = sourcecode.swift; name = ClickTracking.swift; path = Sources/ClickTracking.swift; sourceTree = SOURCE_ROOT; };
		770D1AA91D8CB71D0084A3B2 /* Content.swift */ = {isa = PBXFileReference; fileEncoding = 4; lastKnownFileType = sourcecode.swift; name = Content.swift; path = Sources/Content.swift; sourceTree = SOURCE_ROOT; };
		770D1AAA1D8CB71D0084A3B2 /* ContentDisposition.swift */ = {isa = PBXFileReference; fileEncoding = 4; lastKnownFileType = sourcecode.swift; name = ContentDisposition.swift; path = Sources/ContentDisposition.swift; sourceTree = SOURCE_ROOT; };
		770D1AAB1D8CB71D0084A3B2 /* ContentType.swift */ = {isa = PBXFileReference; fileEncoding = 4; lastKnownFileType = sourcecode.swift; name = ContentType.swift; path = Sources/ContentType.swift; sourceTree = SOURCE_ROOT; };
		770D1AAC1D8CB71D0084A3B2 /* DictionaryConvertible.swift */ = {isa = PBXFileReference; fileEncoding = 4; lastKnownFileType = sourcecode.swift; name = DictionaryConvertible.swift; path = Sources/DictionaryConvertible.swift; sourceTree = SOURCE_ROOT; };
		770D1AAD1D8CB71D0084A3B2 /* Email.swift */ = {isa = PBXFileReference; fileEncoding = 4; lastKnownFileType = sourcecode.swift; name = Email.swift; path = Sources/Email.swift; sourceTree = SOURCE_ROOT; };
		770D1AAE1D8CB71D0084A3B2 /* Footer.swift */ = {isa = PBXFileReference; fileEncoding = 4; lastKnownFileType = sourcecode.swift; name = Footer.swift; path = Sources/Footer.swift; sourceTree = SOURCE_ROOT; };
		770D1AAF1D8CB71D0084A3B2 /* GoogleAnalytics.swift */ = {isa = PBXFileReference; fileEncoding = 4; lastKnownFileType = sourcecode.swift; name = GoogleAnalytics.swift; path = Sources/GoogleAnalytics.swift; sourceTree = SOURCE_ROOT; };
		770D1AB01D8CB71D0084A3B2 /* HeaderValidator.swift */ = {isa = PBXFileReference; fileEncoding = 4; lastKnownFileType = sourcecode.swift; name = HeaderValidator.swift; path = Sources/HeaderValidator.swift; sourceTree = SOURCE_ROOT; };
		770D1AB11D8CB71D0084A3B2 /* HTTPMessage.swift */ = {isa = PBXFileReference; fileEncoding = 4; lastKnownFileType = sourcecode.swift; name = HTTPMessage.swift; path = Sources/HTTPMessage.swift; sourceTree = SOURCE_ROOT; };
		770D1AB21D8CB71D0084A3B2 /* HTTPMethod.swift */ = {isa = PBXFileReference; fileEncoding = 4; lastKnownFileType = sourcecode.swift; name = HTTPMethod.swift; path = Sources/HTTPMethod.swift; sourceTree = SOURCE_ROOT; };
		770D1AB31D8CB71D0084A3B2 /* JSONConvertible.swift */ = {isa = PBXFileReference; fileEncoding = 4; lastKnownFileType = sourcecode.swift; name = JSONConvertible.swift; path = Sources/JSONConvertible.swift; sourceTree = SOURCE_ROOT; };
		770D1AB41D8CB71D0084A3B2 /* MailSetting.swift */ = {isa = PBXFileReference; fileEncoding = 4; lastKnownFileType = sourcecode.swift; name = MailSetting.swift; path = Sources/MailSetting.swift; sourceTree = SOURCE_ROOT; };
		770D1AB51D8CB71D0084A3B2 /* OpenTracking.swift */ = {isa = PBXFileReference; fileEncoding = 4; lastKnownFileType = sourcecode.swift; name = OpenTracking.swift; path = Sources/OpenTracking.swift; sourceTree = SOURCE_ROOT; };
		770D1AB61D8CB71D0084A3B2 /* ParameterEncoding.swift */ = {isa = PBXFileReference; fileEncoding = 4; lastKnownFileType = sourcecode.swift; name = ParameterEncoding.swift; path = Sources/ParameterEncoding.swift; sourceTree = SOURCE_ROOT; };
		770D1AB71D8CB71D0084A3B2 /* Personalization.swift */ = {isa = PBXFileReference; fileEncoding = 4; lastKnownFileType = sourcecode.swift; name = Personalization.swift; path = Sources/Personalization.swift; sourceTree = SOURCE_ROOT; };
		770D1AB81D8CB71D0084A3B2 /* RateLimit.swift */ = {isa = PBXFileReference; fileEncoding = 4; lastKnownFileType = sourcecode.swift; name = RateLimit.swift; path = Sources/RateLimit.swift; sourceTree = SOURCE_ROOT; };
		770D1AB91D8CB71D0084A3B2 /* Request.swift */ = {isa = PBXFileReference; fileEncoding = 4; lastKnownFileType = sourcecode.swift; name = Request.swift; path = Sources/Request.swift; sourceTree = SOURCE_ROOT; };
		770D1ABA1D8CB71D0084A3B2 /* Response.swift */ = {isa = PBXFileReference; fileEncoding = 4; lastKnownFileType = sourcecode.swift; name = Response.swift; path = Sources/Response.swift; sourceTree = SOURCE_ROOT; };
		770D1ABB1D8CB71D0084A3B2 /* SandboxMode.swift */ = {isa = PBXFileReference; fileEncoding = 4; lastKnownFileType = sourcecode.swift; name = SandboxMode.swift; path = Sources/SandboxMode.swift; sourceTree = SOURCE_ROOT; };
		770D1ABC1D8CB71D0084A3B2 /* Scheduling.swift */ = {isa = PBXFileReference; fileEncoding = 4; lastKnownFileType = sourcecode.swift; name = Scheduling.swift; path = Sources/Scheduling.swift; sourceTree = SOURCE_ROOT; };
		770D1ABD1D8CB71D0084A3B2 /* Session.swift */ = {isa = PBXFileReference; fileEncoding = 4; lastKnownFileType = sourcecode.swift; name = Session.swift; path = Sources/Session.swift; sourceTree = SOURCE_ROOT; };
		770D1ABE1D8CB71D0084A3B2 /* Setting.swift */ = {isa = PBXFileReference; fileEncoding = 4; lastKnownFileType = sourcecode.swift; name = Setting.swift; path = Sources/Setting.swift; sourceTree = SOURCE_ROOT; };
		770D1ABF1D8CB71D0084A3B2 /* SGError.swift */ = {isa = PBXFileReference; fileEncoding = 4; lastKnownFileType = sourcecode.swift; name = SGError.swift; path = Sources/SGError.swift; sourceTree = SOURCE_ROOT; };
		770D1AC01D8CB71D0084A3B2 /* SGError+Mail.swift */ = {isa = PBXFileReference; fileEncoding = 4; lastKnownFileType = sourcecode.swift; name = "SGError+Mail.swift"; path = "Sources/SGError+Mail.swift"; sourceTree = SOURCE_ROOT; };
		770D1AC11D8CB71D0084A3B2 /* SGError+Request.swift */ = {isa = PBXFileReference; fileEncoding = 4; lastKnownFileType = sourcecode.swift; name = "SGError+Request.swift"; path = "Sources/SGError+Request.swift"; sourceTree = SOURCE_ROOT; };
		770D1AC21D8CB71D0084A3B2 /* SGError+Session.swift */ = {isa = PBXFileReference; fileEncoding = 4; lastKnownFileType = sourcecode.swift; name = "SGError+Session.swift"; path = "Sources/SGError+Session.swift"; sourceTree = SOURCE_ROOT; };
		770D1AC31D8CB71D0084A3B2 /* SpamChecker.swift */ = {isa = PBXFileReference; fileEncoding = 4; lastKnownFileType = sourcecode.swift; name = SpamChecker.swift; path = Sources/SpamChecker.swift; sourceTree = SOURCE_ROOT; };
		770D1AC41D8CB71D0084A3B2 /* SubscriptionTracking.swift */ = {isa = PBXFileReference; fileEncoding = 4; lastKnownFileType = sourcecode.swift; name = SubscriptionTracking.swift; path = Sources/SubscriptionTracking.swift; sourceTree = SOURCE_ROOT; };
		770D1AC51D8CB71D0084A3B2 /* TrackingSetting.swift */ = {isa = PBXFileReference; fileEncoding = 4; lastKnownFileType = sourcecode.swift; name = TrackingSetting.swift; path = Sources/TrackingSetting.swift; sourceTree = SOURCE_ROOT; };
		770D1AC61D8CB71D0084A3B2 /* Validatable.swift */ = {isa = PBXFileReference; fileEncoding = 4; lastKnownFileType = sourcecode.swift; name = Validatable.swift; path = Sources/Validatable.swift; sourceTree = SOURCE_ROOT; };
		770D1AC71D8CB71D0084A3B2 /* Validator.swift */ = {isa = PBXFileReference; fileEncoding = 4; lastKnownFileType = sourcecode.swift; name = Validator.swift; path = Sources/Validator.swift; sourceTree = SOURCE_ROOT; };
		770D1AF91D8CB8CE0084A3B2 /* Constants.swift */ = {isa = PBXFileReference; fileEncoding = 4; lastKnownFileType = sourcecode.swift; name = Constants.swift; path = Sources/Constants.swift; sourceTree = SOURCE_ROOT; };
		77474FFB1CE8FE1E00E5170E /* ContentTests.swift */ = {isa = PBXFileReference; fileEncoding = 4; lastKnownFileType = sourcecode.swift; path = ContentTests.swift; sourceTree = "<group>"; };
		774750001CE918B400E5170E /* PersonalizationTests.swift */ = {isa = PBXFileReference; fileEncoding = 4; lastKnownFileType = sourcecode.swift; path = PersonalizationTests.swift; sourceTree = "<group>"; };
		775B4D3E1D183D9F004BB1DD /* RateLimitTests.swift */ = {isa = PBXFileReference; fileEncoding = 4; lastKnownFileType = sourcecode.swift; path = RateLimitTests.swift; sourceTree = "<group>"; };
		775B4D401D183FD1004BB1DD /* RequestTests.swift */ = {isa = PBXFileReference; fileEncoding = 4; lastKnownFileType = sourcecode.swift; path = RequestTests.swift; sourceTree = "<group>"; };
		775B4D421D184611004BB1DD /* ParameterEncodingTests.swift */ = {isa = PBXFileReference; fileEncoding = 4; lastKnownFileType = sourcecode.swift; path = ParameterEncodingTests.swift; sourceTree = "<group>"; };
		776B04211D0B546100C21994 /* APIBlueprintTests.swift */ = {isa = PBXFileReference; fileEncoding = 4; lastKnownFileType = sourcecode.swift; path = APIBlueprintTests.swift; sourceTree = "<group>"; };
		776B04261D0B64EA00C21994 /* SessionTests.swift */ = {isa = PBXFileReference; fileEncoding = 4; lastKnownFileType = sourcecode.swift; path = SessionTests.swift; sourceTree = "<group>"; };
		778593F01D0A3DC1009A3026 /* AuthenticationTests.swift */ = {isa = PBXFileReference; fileEncoding = 4; lastKnownFileType = sourcecode.swift; path = AuthenticationTests.swift; sourceTree = "<group>"; };
		779AD1291CEAB07A00F5BC4F /* ASMTests.swift */ = {isa = PBXFileReference; fileEncoding = 4; lastKnownFileType = sourcecode.swift; path = ASMTests.swift; sourceTree = "<group>"; };
		779AD1321CEAB7E200F5BC4F /* AttachmentTests.swift */ = {isa = PBXFileReference; fileEncoding = 4; lastKnownFileType = sourcecode.swift; path = AttachmentTests.swift; sourceTree = "<group>"; };
		779AD1341CEAB88B00F5BC4F /* dot.png */ = {isa = PBXFileReference; lastKnownFileType = image.png; path = dot.png; sourceTree = "<group>"; };
		77AE1DCD1CEA504700136CF1 /* SpamCheckerTests.swift */ = {isa = PBXFileReference; fileEncoding = 4; lastKnownFileType = sourcecode.swift; path = SpamCheckerTests.swift; sourceTree = "<group>"; };
		77AE1DCF1CEA536900136CF1 /* JSONConvertibleTests.swift */ = {isa = PBXFileReference; fileEncoding = 4; lastKnownFileType = sourcecode.swift; path = JSONConvertibleTests.swift; sourceTree = "<group>"; };
		77AE1DD51CEA56DB00136CF1 /* ValidatorTests.swift */ = {isa = PBXFileReference; fileEncoding = 4; lastKnownFileType = sourcecode.swift; path = ValidatorTests.swift; sourceTree = "<group>"; };
		77F5E45E1CE9492E0074E7BA /* SettingTest.swift */ = {isa = PBXFileReference; fileEncoding = 4; lastKnownFileType = sourcecode.swift; path = SettingTest.swift; sourceTree = "<group>"; };
		77F5E46B1CE950770074E7BA /* ClickTrackingTests.swift */ = {isa = PBXFileReference; fileEncoding = 4; lastKnownFileType = sourcecode.swift; path = ClickTrackingTests.swift; sourceTree = "<group>"; };
		77F5E4701CE955920074E7BA /* OpenTrackingTests.swift */ = {isa = PBXFileReference; fileEncoding = 4; lastKnownFileType = sourcecode.swift; path = OpenTrackingTests.swift; sourceTree = "<group>"; };
		77F5E4751CE95C830074E7BA /* SubscriptionTrackingTests.swift */ = {isa = PBXFileReference; fileEncoding = 4; lastKnownFileType = sourcecode.swift; path = SubscriptionTrackingTests.swift; sourceTree = "<group>"; };
		77F5E47A1CE962900074E7BA /* GoogleAnalyticsTests.swift */ = {isa = PBXFileReference; fileEncoding = 4; lastKnownFileType = sourcecode.swift; path = GoogleAnalyticsTests.swift; sourceTree = "<group>"; };
		77F5E4811CE964940074E7BA /* BypassListManagementTests.swift */ = {isa = PBXFileReference; fileEncoding = 4; lastKnownFileType = sourcecode.swift; path = BypassListManagementTests.swift; sourceTree = "<group>"; };
		77F5E4861CE965E70074E7BA /* SandboxModeTests.swift */ = {isa = PBXFileReference; fileEncoding = 4; lastKnownFileType = sourcecode.swift; path = SandboxModeTests.swift; sourceTree = "<group>"; };
		77F5E48E1CE969BB0074E7BA /* BCCSettingTests.swift */ = {isa = PBXFileReference; fileEncoding = 4; lastKnownFileType = sourcecode.swift; path = BCCSettingTests.swift; sourceTree = "<group>"; };
		77F5E4931CE96D3C0074E7BA /* FooterTests.swift */ = {isa = PBXFileReference; fileEncoding = 4; lastKnownFileType = sourcecode.swift; path = FooterTests.swift; sourceTree = "<group>"; };
		77F7B32E1CEAF09C00217D59 /* EmailTests.swift */ = {isa = PBXFileReference; fileEncoding = 4; lastKnownFileType = sourcecode.swift; path = EmailTests.swift; sourceTree = "<group>"; };
/* End PBXFileReference section */

/* Begin PBXFrameworksBuildPhase section */
		770850981CE64F7500861BA1 /* Frameworks */ = {
			isa = PBXFrameworksBuildPhase;
			buildActionMask = 2147483647;
			files = (
			);
			runOnlyForDeploymentPostprocessing = 0;
		};
		770850A31CE64F7500861BA1 /* Frameworks */ = {
			isa = PBXFrameworksBuildPhase;
			buildActionMask = 2147483647;
			files = (
				770850A71CE64F7500861BA1 /* SendGrid.framework in Frameworks */,
			);
			runOnlyForDeploymentPostprocessing = 0;
		};
/* End PBXFrameworksBuildPhase section */

/* Begin PBXGroup section */
		770850921CE64F7500861BA1 = {
			isa = PBXGroup;
			children = (
				7708509E1CE64F7500861BA1 /* SendGrid */,
				770850AA1CE64F7500861BA1 /* SendGridTests */,
				7708509D1CE64F7500861BA1 /* Products */,
			);
			sourceTree = "<group>";
		};
		7708509D1CE64F7500861BA1 /* Products */ = {
			isa = PBXGroup;
			children = (
				7708509C1CE64F7500861BA1 /* SendGrid.framework */,
				770850A61CE64F7500861BA1 /* SendGridTests.xctest */,
			);
			name = Products;
			sourceTree = "<group>";
		};
		7708509E1CE64F7500861BA1 /* SendGrid */ = {
			isa = PBXGroup;
			children = (
				770850BA1CE64FD500861BA1 /* Sources */,
				7708509F1CE64F7500861BA1 /* SendGrid.h */,
				770850A11CE64F7500861BA1 /* Info.plist */,
			);
			path = SendGrid;
			sourceTree = "<group>";
		};
		770850AA1CE64F7500861BA1 /* SendGridTests */ = {
			isa = PBXGroup;
			children = (
				779AD1341CEAB88B00F5BC4F /* dot.png */,
				770850AD1CE64F7500861BA1 /* Info.plist */,
				77F5E45C1CE949080074E7BA /* Classes */,
				77AE1DD11CEA56B000136CF1 /* Enum */,
				770850CF1CE65BE900861BA1 /* Protocols */,
				770850C61CE6535500861BA1 /* Structs */,
			);
			path = SendGridTests;
			sourceTree = "<group>";
		};
		770850BA1CE64FD500861BA1 /* Sources */ = {
			isa = PBXGroup;
			children = (
				770D1A9F1D8CB6C40084A3B2 /* Classes */,
				770D1AF51D8CB8710084A3B2 /* Enums */,
				770D1AF61D8CB88B0084A3B2 /* Errors */,
				770D1AF71D8CB89C0084A3B2 /* Protocols */,
				770D1AF81D8CB8C50084A3B2 /* Structs */,
			);
			name = Sources;
			sourceTree = "<group>";
		};
		770850C61CE6535500861BA1 /* Structs */ = {
			isa = PBXGroup;
			children = (
				770850C71CE6536F00861BA1 /* AddressTests.swift */,
				776B04211D0B546100C21994 /* APIBlueprintTests.swift */,
				779AD1291CEAB07A00F5BC4F /* ASMTests.swift */,
				77474FFB1CE8FE1E00E5170E /* ContentTests.swift */,
				775B4D421D184611004BB1DD /* ParameterEncodingTests.swift */,
				775B4D3E1D183D9F004BB1DD /* RateLimitTests.swift */,
			);
			name = Structs;
			sourceTree = "<group>";
		};
		770850CF1CE65BE900861BA1 /* Protocols */ = {
			isa = PBXGroup;
			children = (
				77AE1DCF1CEA536900136CF1 /* JSONConvertibleTests.swift */,
				775B4D401D183FD1004BB1DD /* RequestTests.swift */,
			);
			name = Protocols;
			sourceTree = "<group>";
		};
		770D1A9F1D8CB6C40084A3B2 /* Classes */ = {
			isa = PBXGroup;
			children = (
				770D1AA21D8CB71D0084A3B2 /* APIV3.swift */,
				770D1ABA1D8CB71D0084A3B2 /* Response.swift */,
				770D1ABD1D8CB71D0084A3B2 /* Session.swift */,
				770D1AF01D8CB7D30084A3B2 /* Mail */,
				770D1AF41D8CB8390084A3B2 /* Models */,
			);
			name = Classes;
			sourceTree = "<group>";
		};
		770D1AF01D8CB7D30084A3B2 /* Mail */ = {
			isa = PBXGroup;
			children = (
				770D1AA41D8CB71D0084A3B2 /* Attachment.swift */,
				770D1AAD1D8CB71D0084A3B2 /* Email.swift */,
				770D1AB71D8CB71D0084A3B2 /* Personalization.swift */,
				770D1AF11D8CB7EC0084A3B2 /* Settings */,
			);
			name = Mail;
			sourceTree = "<group>";
		};
		770D1AF11D8CB7EC0084A3B2 /* Settings */ = {
			isa = PBXGroup;
			children = (
				770D1ABE1D8CB71D0084A3B2 /* Setting.swift */,
				770D1AF21D8CB7F70084A3B2 /* Mail Settings */,
				770D1AF31D8CB7FA0084A3B2 /* Tracking Settings */,
			);
			name = Settings;
			sourceTree = "<group>";
		};
		770D1AF21D8CB7F70084A3B2 /* Mail Settings */ = {
			isa = PBXGroup;
			children = (
				770D1AA61D8CB71D0084A3B2 /* BCCSetting.swift */,
				770D1AA71D8CB71D0084A3B2 /* BypassListManagement.swift */,
				770D1AAE1D8CB71D0084A3B2 /* Footer.swift */,
				770D1ABB1D8CB71D0084A3B2 /* SandboxMode.swift */,
				770D1AC31D8CB71D0084A3B2 /* SpamChecker.swift */,
			);
			name = "Mail Settings";
			sourceTree = "<group>";
		};
		770D1AF31D8CB7FA0084A3B2 /* Tracking Settings */ = {
			isa = PBXGroup;
			children = (
				770D1AA81D8CB71D0084A3B2 /* ClickTracking.swift */,
				770D1AAF1D8CB71D0084A3B2 /* GoogleAnalytics.swift */,
				770D1AB51D8CB71D0084A3B2 /* OpenTracking.swift */,
				770D1AC41D8CB71D0084A3B2 /* SubscriptionTracking.swift */,
			);
			name = "Tracking Settings";
			sourceTree = "<group>";
		};
		770D1AF41D8CB8390084A3B2 /* Models */ = {
			isa = PBXGroup;
			children = (
				770D1AA01D8CB71D0084A3B2 /* Address.swift */,
				770D1AA11D8CB71D0084A3B2 /* APIBlueprint.swift */,
				770D1AA31D8CB71D0084A3B2 /* ASM.swift */,
				770D1AA91D8CB71D0084A3B2 /* Content.swift */,
				770D1AB81D8CB71D0084A3B2 /* RateLimit.swift */,
			);
			name = Models;
			sourceTree = "<group>";
		};
		770D1AF51D8CB8710084A3B2 /* Enums */ = {
			isa = PBXGroup;
			children = (
				770D1AA51D8CB71D0084A3B2 /* Authentication.swift */,
				770D1AAA1D8CB71D0084A3B2 /* ContentDisposition.swift */,
				770D1AAB1D8CB71D0084A3B2 /* ContentType.swift */,
				770D1AB21D8CB71D0084A3B2 /* HTTPMethod.swift */,
				770D1AC71D8CB71D0084A3B2 /* Validator.swift */,
			);
			name = Enums;
			sourceTree = "<group>";
		};
		770D1AF61D8CB88B0084A3B2 /* Errors */ = {
			isa = PBXGroup;
			children = (
				770D1ABF1D8CB71D0084A3B2 /* SGError.swift */,
				770D1AC01D8CB71D0084A3B2 /* SGError+Mail.swift */,
				770D1AC11D8CB71D0084A3B2 /* SGError+Request.swift */,
				770D1AC21D8CB71D0084A3B2 /* SGError+Session.swift */,
			);
			name = Errors;
			sourceTree = "<group>";
		};
		770D1AF71D8CB89C0084A3B2 /* Protocols */ = {
			isa = PBXGroup;
			children = (
				770D1AAC1D8CB71D0084A3B2 /* DictionaryConvertible.swift */,
				770D1AB01D8CB71D0084A3B2 /* HeaderValidator.swift */,
				770D1AB11D8CB71D0084A3B2 /* HTTPMessage.swift */,
				770D1AB31D8CB71D0084A3B2 /* JSONConvertible.swift */,
				770D1AB41D8CB71D0084A3B2 /* MailSetting.swift */,
				770D1AB91D8CB71D0084A3B2 /* Request.swift */,
				770D1ABC1D8CB71D0084A3B2 /* Scheduling.swift */,
				770D1AC51D8CB71D0084A3B2 /* TrackingSetting.swift */,
				770D1AC61D8CB71D0084A3B2 /* Validatable.swift */,
			);
			name = Protocols;
			sourceTree = "<group>";
		};
		770D1AF81D8CB8C50084A3B2 /* Structs */ = {
			isa = PBXGroup;
			children = (
				770D1AF91D8CB8CE0084A3B2 /* Constants.swift */,
				770D1AB61D8CB71D0084A3B2 /* ParameterEncoding.swift */,
			);
			name = Structs;
			sourceTree = "<group>";
		};
		77AE1DD11CEA56B000136CF1 /* Enum */ = {
			isa = PBXGroup;
			children = (
				778593F01D0A3DC1009A3026 /* AuthenticationTests.swift */,
				77AE1DD51CEA56DB00136CF1 /* ValidatorTests.swift */,
			);
			name = Enum;
			sourceTree = "<group>";
		};
		77F5E45C1CE949080074E7BA /* Classes */ = {
			isa = PBXGroup;
			children = (
				779AD1321CEAB7E200F5BC4F /* AttachmentTests.swift */,
				77F7B32E1CEAF09C00217D59 /* EmailTests.swift */,
				774750001CE918B400E5170E /* PersonalizationTests.swift */,
				776B04261D0B64EA00C21994 /* SessionTests.swift */,
				77F5E45D1CE9490E0074E7BA /* Settings */,
			);
			name = Classes;
			sourceTree = "<group>";
		};
		77F5E45D1CE9490E0074E7BA /* Settings */ = {
			isa = PBXGroup;
			children = (
				77F5E45E1CE9492E0074E7BA /* SettingTest.swift */,
				77F5E4801CE964830074E7BA /* Mail Settings */,
				77F5E46A1CE950600074E7BA /* Tracking Settings */,
			);
			name = Settings;
			sourceTree = "<group>";
		};
		77F5E46A1CE950600074E7BA /* Tracking Settings */ = {
			isa = PBXGroup;
			children = (
				77F5E46B1CE950770074E7BA /* ClickTrackingTests.swift */,
				77F5E47A1CE962900074E7BA /* GoogleAnalyticsTests.swift */,
				77F5E4701CE955920074E7BA /* OpenTrackingTests.swift */,
				77F5E4751CE95C830074E7BA /* SubscriptionTrackingTests.swift */,
			);
			name = "Tracking Settings";
			sourceTree = "<group>";
		};
		77F5E4801CE964830074E7BA /* Mail Settings */ = {
			isa = PBXGroup;
			children = (
				77F5E48E1CE969BB0074E7BA /* BCCSettingTests.swift */,
				77F5E4811CE964940074E7BA /* BypassListManagementTests.swift */,
				77F5E4931CE96D3C0074E7BA /* FooterTests.swift */,
				77F5E4861CE965E70074E7BA /* SandboxModeTests.swift */,
				77AE1DCD1CEA504700136CF1 /* SpamCheckerTests.swift */,
			);
			name = "Mail Settings";
			sourceTree = "<group>";
		};
/* End PBXGroup section */

/* Begin PBXHeadersBuildPhase section */
		770850991CE64F7500861BA1 /* Headers */ = {
			isa = PBXHeadersBuildPhase;
			buildActionMask = 2147483647;
			files = (
				770850A01CE64F7500861BA1 /* SendGrid.h in Headers */,
			);
			runOnlyForDeploymentPostprocessing = 0;
		};
/* End PBXHeadersBuildPhase section */

/* Begin PBXNativeTarget section */
		7708509B1CE64F7500861BA1 /* SendGrid */ = {
			isa = PBXNativeTarget;
			buildConfigurationList = 770850B01CE64F7500861BA1 /* Build configuration list for PBXNativeTarget "SendGrid" */;
			buildPhases = (
				770850971CE64F7500861BA1 /* Sources */,
				770850981CE64F7500861BA1 /* Frameworks */,
				770850991CE64F7500861BA1 /* Headers */,
				7708509A1CE64F7500861BA1 /* Resources */,
			);
			buildRules = (
			);
			dependencies = (
			);
			name = SendGrid;
			productName = SendGrid;
			productReference = 7708509C1CE64F7500861BA1 /* SendGrid.framework */;
			productType = "com.apple.product-type.framework";
		};
		770850A51CE64F7500861BA1 /* SendGridTests */ = {
			isa = PBXNativeTarget;
			buildConfigurationList = 770850B31CE64F7500861BA1 /* Build configuration list for PBXNativeTarget "SendGridTests" */;
			buildPhases = (
				770850A21CE64F7500861BA1 /* Sources */,
				770850A31CE64F7500861BA1 /* Frameworks */,
				770850A41CE64F7500861BA1 /* Resources */,
			);
			buildRules = (
			);
			dependencies = (
				770850A91CE64F7500861BA1 /* PBXTargetDependency */,
			);
			name = SendGridTests;
			productName = SendGridTests;
			productReference = 770850A61CE64F7500861BA1 /* SendGridTests.xctest */;
			productType = "com.apple.product-type.bundle.unit-test";
		};
/* End PBXNativeTarget section */

/* Begin PBXProject section */
		770850931CE64F7500861BA1 /* Project object */ = {
			isa = PBXProject;
			attributes = {
				LastSwiftUpdateCheck = 0730;
				LastUpgradeCheck = 0800;
				ORGANIZATIONNAME = "Scott Kawai";
				TargetAttributes = {
					7708509B1CE64F7500861BA1 = {
						CreatedOnToolsVersion = 7.3.1;
						LastSwiftMigration = 0800;
					};
					770850A51CE64F7500861BA1 = {
						CreatedOnToolsVersion = 7.3.1;
						LastSwiftMigration = 0800;
					};
				};
			};
			buildConfigurationList = 770850961CE64F7500861BA1 /* Build configuration list for PBXProject "SendGrid" */;
			compatibilityVersion = "Xcode 3.2";
			developmentRegion = English;
			hasScannedForEncodings = 0;
			knownRegions = (
				en,
			);
			mainGroup = 770850921CE64F7500861BA1;
			productRefGroup = 7708509D1CE64F7500861BA1 /* Products */;
			projectDirPath = "";
			projectRoot = "";
			targets = (
				7708509B1CE64F7500861BA1 /* SendGrid */,
				770850A51CE64F7500861BA1 /* SendGridTests */,
			);
		};
/* End PBXProject section */

/* Begin PBXResourcesBuildPhase section */
		7708509A1CE64F7500861BA1 /* Resources */ = {
			isa = PBXResourcesBuildPhase;
			buildActionMask = 2147483647;
			files = (
			);
			runOnlyForDeploymentPostprocessing = 0;
		};
		770850A41CE64F7500861BA1 /* Resources */ = {
			isa = PBXResourcesBuildPhase;
			buildActionMask = 2147483647;
			files = (
				779AD1351CEAB88B00F5BC4F /* dot.png in Resources */,
			);
			runOnlyForDeploymentPostprocessing = 0;
		};
/* End PBXResourcesBuildPhase section */

/* Begin PBXSourcesBuildPhase section */
		770850971CE64F7500861BA1 /* Sources */ = {
			isa = PBXSourcesBuildPhase;
			buildActionMask = 2147483647;
			files = (
				770D1ACF1D8CB71D0084A3B2 /* BypassListManagement.swift in Sources */,
				770D1AEF1D8CB71E0084A3B2 /* Validator.swift in Sources */,
				770D1ACA1D8CB71D0084A3B2 /* APIV3.swift in Sources */,
				770D1AE01D8CB71D0084A3B2 /* RateLimit.swift in Sources */,
				770D1AEE1D8CB71E0084A3B2 /* Validatable.swift in Sources */,
				770D1ADB1D8CB71D0084A3B2 /* JSONConvertible.swift in Sources */,
				770D1ADA1D8CB71D0084A3B2 /* HTTPMethod.swift in Sources */,
				770D1AEC1D8CB71E0084A3B2 /* SubscriptionTracking.swift in Sources */,
				770D1AC81D8CB71D0084A3B2 /* Address.swift in Sources */,
				770D1ADC1D8CB71D0084A3B2 /* MailSetting.swift in Sources */,
				770D1AFA1D8CB8CE0084A3B2 /* Constants.swift in Sources */,
				770D1AD21D8CB71D0084A3B2 /* ContentDisposition.swift in Sources */,
				770D1AD01D8CB71D0084A3B2 /* ClickTracking.swift in Sources */,
				770D1AEB1D8CB71E0084A3B2 /* SpamChecker.swift in Sources */,
				770D1AE21D8CB71D0084A3B2 /* Response.swift in Sources */,
				770D1AD71D8CB71D0084A3B2 /* GoogleAnalytics.swift in Sources */,
				770D1AE91D8CB71D0084A3B2 /* SGError+Request.swift in Sources */,
				770D1AD41D8CB71D0084A3B2 /* DictionaryConvertible.swift in Sources */,
				770D1AE31D8CB71D0084A3B2 /* SandboxMode.swift in Sources */,
				770D1ADD1D8CB71D0084A3B2 /* OpenTracking.swift in Sources */,
				770D1ACB1D8CB71D0084A3B2 /* ASM.swift in Sources */,
				770D1AE51D8CB71D0084A3B2 /* Session.swift in Sources */,
				770D1AE81D8CB71D0084A3B2 /* SGError+Mail.swift in Sources */,
				770D1AD51D8CB71D0084A3B2 /* Email.swift in Sources */,
				770D1AD11D8CB71D0084A3B2 /* Content.swift in Sources */,
				770D1ACE1D8CB71D0084A3B2 /* BCCSetting.swift in Sources */,
				770D1ADF1D8CB71D0084A3B2 /* Personalization.swift in Sources */,
				770D1ACD1D8CB71D0084A3B2 /* Authentication.swift in Sources */,
				770D1AD61D8CB71D0084A3B2 /* Footer.swift in Sources */,
				770D1AEA1D8CB71E0084A3B2 /* SGError+Session.swift in Sources */,
				770D1AE11D8CB71D0084A3B2 /* Request.swift in Sources */,
				770D1AC91D8CB71D0084A3B2 /* APIBlueprint.swift in Sources */,
				770D1ACC1D8CB71D0084A3B2 /* Attachment.swift in Sources */,
				770D1AE61D8CB71D0084A3B2 /* Setting.swift in Sources */,
				770D1AD31D8CB71D0084A3B2 /* ContentType.swift in Sources */,
				770D1ADE1D8CB71D0084A3B2 /* ParameterEncoding.swift in Sources */,
				770D1AD91D8CB71D0084A3B2 /* HTTPMessage.swift in Sources */,
				770D1AED1D8CB71E0084A3B2 /* TrackingSetting.swift in Sources */,
				770D1AD81D8CB71D0084A3B2 /* HeaderValidator.swift in Sources */,
				770D1AE41D8CB71D0084A3B2 /* Scheduling.swift in Sources */,
				770D1AE71D8CB71D0084A3B2 /* SGError.swift in Sources */,
			);
			runOnlyForDeploymentPostprocessing = 0;
		};
		770850A21CE64F7500861BA1 /* Sources */ = {
			isa = PBXSourcesBuildPhase;
			buildActionMask = 2147483647;
			files = (
				77F5E4821CE964940074E7BA /* BypassListManagementTests.swift in Sources */,
				77AE1DD61CEA56DB00136CF1 /* ValidatorTests.swift in Sources */,
				77F5E47B1CE962900074E7BA /* GoogleAnalyticsTests.swift in Sources */,
				779AD1331CEAB7E200F5BC4F /* AttachmentTests.swift in Sources */,
				778593F11D0A3DC1009A3026 /* AuthenticationTests.swift in Sources */,
				77F5E48F1CE969BB0074E7BA /* BCCSettingTests.swift in Sources */,
				77F7B32F1CEAF09C00217D59 /* EmailTests.swift in Sources */,
				775B4D431D184611004BB1DD /* ParameterEncodingTests.swift in Sources */,
				774750011CE918B400E5170E /* PersonalizationTests.swift in Sources */,
				77F5E45F1CE9492E0074E7BA /* SettingTest.swift in Sources */,
				775B4D3F1D183D9F004BB1DD /* RateLimitTests.swift in Sources */,
				779AD12A1CEAB07A00F5BC4F /* ASMTests.swift in Sources */,
				77F5E4941CE96D3C0074E7BA /* FooterTests.swift in Sources */,
				77AE1DCE1CEA504700136CF1 /* SpamCheckerTests.swift in Sources */,
				77F5E4711CE955920074E7BA /* OpenTrackingTests.swift in Sources */,
				775B4D411D183FD1004BB1DD /* RequestTests.swift in Sources */,
				77F5E4871CE965E70074E7BA /* SandboxModeTests.swift in Sources */,
				77474FFC1CE8FE1E00E5170E /* ContentTests.swift in Sources */,
				77AE1DD01CEA536900136CF1 /* JSONConvertibleTests.swift in Sources */,
				776B04221D0B546100C21994 /* APIBlueprintTests.swift in Sources */,
				77F5E4761CE95C830074E7BA /* SubscriptionTrackingTests.swift in Sources */,
				770850C81CE6536F00861BA1 /* AddressTests.swift in Sources */,
				77F5E46C1CE950770074E7BA /* ClickTrackingTests.swift in Sources */,
				776B04271D0B64EA00C21994 /* SessionTests.swift in Sources */,
			);
			runOnlyForDeploymentPostprocessing = 0;
		};
/* End PBXSourcesBuildPhase section */

/* Begin PBXTargetDependency section */
		770850A91CE64F7500861BA1 /* PBXTargetDependency */ = {
			isa = PBXTargetDependency;
			target = 7708509B1CE64F7500861BA1 /* SendGrid */;
			targetProxy = 770850A81CE64F7500861BA1 /* PBXContainerItemProxy */;
		};
/* End PBXTargetDependency section */

/* Begin XCBuildConfiguration section */
		770850AE1CE64F7500861BA1 /* Debug */ = {
			isa = XCBuildConfiguration;
			buildSettings = {
				ALWAYS_SEARCH_USER_PATHS = NO;
				CLANG_ANALYZER_NONNULL = YES;
				CLANG_CXX_LANGUAGE_STANDARD = "gnu++0x";
				CLANG_CXX_LIBRARY = "libc++";
				CLANG_ENABLE_MODULES = YES;
				CLANG_ENABLE_OBJC_ARC = YES;
				CLANG_WARN_BOOL_CONVERSION = YES;
				CLANG_WARN_CONSTANT_CONVERSION = YES;
				CLANG_WARN_DIRECT_OBJC_ISA_USAGE = YES_ERROR;
				CLANG_WARN_EMPTY_BODY = YES;
				CLANG_WARN_ENUM_CONVERSION = YES;
				CLANG_WARN_INFINITE_RECURSION = YES;
				CLANG_WARN_INT_CONVERSION = YES;
				CLANG_WARN_OBJC_ROOT_CLASS = YES_ERROR;
				CLANG_WARN_SUSPICIOUS_MOVE = YES;
				CLANG_WARN_UNREACHABLE_CODE = YES;
				CLANG_WARN__DUPLICATE_METHOD_MATCH = YES;
				CODE_SIGN_IDENTITY = "-";
				COPY_PHASE_STRIP = NO;
				CURRENT_PROJECT_VERSION = 1;
				DEBUG_INFORMATION_FORMAT = dwarf;
				ENABLE_STRICT_OBJC_MSGSEND = YES;
				ENABLE_TESTABILITY = YES;
				GCC_C_LANGUAGE_STANDARD = gnu99;
				GCC_DYNAMIC_NO_PIC = NO;
				GCC_NO_COMMON_BLOCKS = YES;
				GCC_OPTIMIZATION_LEVEL = 0;
				GCC_PREPROCESSOR_DEFINITIONS = (
					"DEBUG=1",
					"$(inherited)",
				);
				GCC_WARN_64_TO_32_BIT_CONVERSION = YES;
				GCC_WARN_ABOUT_RETURN_TYPE = YES_ERROR;
				GCC_WARN_UNDECLARED_SELECTOR = YES;
				GCC_WARN_UNINITIALIZED_AUTOS = YES_AGGRESSIVE;
				GCC_WARN_UNUSED_FUNCTION = YES;
				GCC_WARN_UNUSED_VARIABLE = YES;
				MACOSX_DEPLOYMENT_TARGET = 10.11;
				MTL_ENABLE_DEBUG_INFO = YES;
				ONLY_ACTIVE_ARCH = YES;
				SDKROOT = macosx;
				SWIFT_OPTIMIZATION_LEVEL = "-Onone";
				VERSIONING_SYSTEM = "apple-generic";
				VERSION_INFO_PREFIX = "";
			};
			name = Debug;
		};
		770850AF1CE64F7500861BA1 /* Release */ = {
			isa = XCBuildConfiguration;
			buildSettings = {
				ALWAYS_SEARCH_USER_PATHS = NO;
				CLANG_ANALYZER_NONNULL = YES;
				CLANG_CXX_LANGUAGE_STANDARD = "gnu++0x";
				CLANG_CXX_LIBRARY = "libc++";
				CLANG_ENABLE_MODULES = YES;
				CLANG_ENABLE_OBJC_ARC = YES;
				CLANG_WARN_BOOL_CONVERSION = YES;
				CLANG_WARN_CONSTANT_CONVERSION = YES;
				CLANG_WARN_DIRECT_OBJC_ISA_USAGE = YES_ERROR;
				CLANG_WARN_EMPTY_BODY = YES;
				CLANG_WARN_ENUM_CONVERSION = YES;
				CLANG_WARN_INFINITE_RECURSION = YES;
				CLANG_WARN_INT_CONVERSION = YES;
				CLANG_WARN_OBJC_ROOT_CLASS = YES_ERROR;
				CLANG_WARN_SUSPICIOUS_MOVE = YES;
				CLANG_WARN_UNREACHABLE_CODE = YES;
				CLANG_WARN__DUPLICATE_METHOD_MATCH = YES;
				CODE_SIGN_IDENTITY = "-";
				COPY_PHASE_STRIP = NO;
				CURRENT_PROJECT_VERSION = 1;
				DEBUG_INFORMATION_FORMAT = "dwarf-with-dsym";
				ENABLE_NS_ASSERTIONS = NO;
				ENABLE_STRICT_OBJC_MSGSEND = YES;
				GCC_C_LANGUAGE_STANDARD = gnu99;
				GCC_NO_COMMON_BLOCKS = YES;
				GCC_WARN_64_TO_32_BIT_CONVERSION = YES;
				GCC_WARN_ABOUT_RETURN_TYPE = YES_ERROR;
				GCC_WARN_UNDECLARED_SELECTOR = YES;
				GCC_WARN_UNINITIALIZED_AUTOS = YES_AGGRESSIVE;
				GCC_WARN_UNUSED_FUNCTION = YES;
				GCC_WARN_UNUSED_VARIABLE = YES;
				MACOSX_DEPLOYMENT_TARGET = 10.11;
				MTL_ENABLE_DEBUG_INFO = NO;
				SDKROOT = macosx;
				SWIFT_OPTIMIZATION_LEVEL = "-Owholemodule";
				VERSIONING_SYSTEM = "apple-generic";
				VERSION_INFO_PREFIX = "";
			};
			name = Release;
		};
		770850B11CE64F7500861BA1 /* Debug */ = {
			isa = XCBuildConfiguration;
			buildSettings = {
				CLANG_ENABLE_MODULES = YES;
				CODE_SIGN_IDENTITY = "";
				COMBINE_HIDPI_IMAGES = YES;
				DEFINES_MODULE = YES;
				DYLIB_COMPATIBILITY_VERSION = 1;
				DYLIB_CURRENT_VERSION = 1;
				DYLIB_INSTALL_NAME_BASE = "@rpath";
				FRAMEWORK_VERSION = A;
				INFOPLIST_FILE = SendGrid/Info.plist;
				INSTALL_PATH = "$(LOCAL_LIBRARY_DIR)/Frameworks";
				LD_RUNPATH_SEARCH_PATHS = "$(inherited) @executable_path/../Frameworks @loader_path/Frameworks";
				PRODUCT_BUNDLE_IDENTIFIER = com.sk.SendGrid;
				PRODUCT_NAME = "$(TARGET_NAME)";
				SKIP_INSTALL = YES;
				SWIFT_OPTIMIZATION_LEVEL = "-Onone";
				SWIFT_VERSION = 3.0;
			};
			name = Debug;
		};
		770850B21CE64F7500861BA1 /* Release */ = {
			isa = XCBuildConfiguration;
			buildSettings = {
				CLANG_ENABLE_MODULES = YES;
				CODE_SIGN_IDENTITY = "";
				COMBINE_HIDPI_IMAGES = YES;
				DEFINES_MODULE = YES;
				DYLIB_COMPATIBILITY_VERSION = 1;
				DYLIB_CURRENT_VERSION = 1;
				DYLIB_INSTALL_NAME_BASE = "@rpath";
				FRAMEWORK_VERSION = A;
				INFOPLIST_FILE = SendGrid/Info.plist;
				INSTALL_PATH = "$(LOCAL_LIBRARY_DIR)/Frameworks";
				LD_RUNPATH_SEARCH_PATHS = "$(inherited) @executable_path/../Frameworks @loader_path/Frameworks";
				PRODUCT_BUNDLE_IDENTIFIER = com.sk.SendGrid;
				PRODUCT_NAME = "$(TARGET_NAME)";
				SKIP_INSTALL = YES;
				SWIFT_VERSION = 3.0;
			};
			name = Release;
		};
		770850B41CE64F7500861BA1 /* Debug */ = {
			isa = XCBuildConfiguration;
			buildSettings = {
				COMBINE_HIDPI_IMAGES = YES;
				INFOPLIST_FILE = SendGridTests/Info.plist;
				LD_RUNPATH_SEARCH_PATHS = "$(inherited) @executable_path/../Frameworks @loader_path/../Frameworks";
				PRODUCT_BUNDLE_IDENTIFIER = com.sk.SendGridTests;
				PRODUCT_NAME = "$(TARGET_NAME)";
				SWIFT_VERSION = 3.0;
			};
			name = Debug;
		};
		770850B51CE64F7500861BA1 /* Release */ = {
			isa = XCBuildConfiguration;
			buildSettings = {
				COMBINE_HIDPI_IMAGES = YES;
				INFOPLIST_FILE = SendGridTests/Info.plist;
				LD_RUNPATH_SEARCH_PATHS = "$(inherited) @executable_path/../Frameworks @loader_path/../Frameworks";
				PRODUCT_BUNDLE_IDENTIFIER = com.sk.SendGridTests;
				PRODUCT_NAME = "$(TARGET_NAME)";
				SWIFT_VERSION = 3.0;
			};
			name = Release;
		};
/* End XCBuildConfiguration section */

/* Begin XCConfigurationList section */
		770850961CE64F7500861BA1 /* Build configuration list for PBXProject "SendGrid" */ = {
			isa = XCConfigurationList;
			buildConfigurations = (
				770850AE1CE64F7500861BA1 /* Debug */,
				770850AF1CE64F7500861BA1 /* Release */,
			);
			defaultConfigurationIsVisible = 0;
			defaultConfigurationName = Release;
		};
		770850B01CE64F7500861BA1 /* Build configuration list for PBXNativeTarget "SendGrid" */ = {
			isa = XCConfigurationList;
			buildConfigurations = (
				770850B11CE64F7500861BA1 /* Debug */,
				770850B21CE64F7500861BA1 /* Release */,
			);
			defaultConfigurationIsVisible = 0;
			defaultConfigurationName = Release;
		};
		770850B31CE64F7500861BA1 /* Build configuration list for PBXNativeTarget "SendGridTests" */ = {
			isa = XCConfigurationList;
			buildConfigurations = (
				770850B41CE64F7500861BA1 /* Debug */,
				770850B51CE64F7500861BA1 /* Release */,
			);
			defaultConfigurationIsVisible = 0;
			defaultConfigurationName = Release;
		};
/* End XCConfigurationList section */
	};
	rootObject = 770850931CE64F7500861BA1 /* Project object */;
}
